PODS:
  - Alamofire (5.1.0)
  - AlamofireImage (4.1.0):
    - Alamofire (~> 5.1)
  - CocoaAsyncSocket (7.6.5)
  - GoogleAppMeasurement (7.11.0):
    - GoogleAppMeasurement/AdIdSupport (= 7.11.0)
    - GoogleUtilities/AppDelegateSwizzler (~> 7.0)
    - GoogleUtilities/MethodSwizzler (~> 7.0)
    - GoogleUtilities/Network (~> 7.0)
    - "GoogleUtilities/NSData+zlib (~> 7.0)"
    - nanopb (~> 2.30908.0)
  - GoogleAppMeasurement/AdIdSupport (7.11.0):
    - GoogleUtilities/AppDelegateSwizzler (~> 7.0)
    - GoogleUtilities/MethodSwizzler (~> 7.0)
    - GoogleUtilities/Network (~> 7.0)
    - "GoogleUtilities/NSData+zlib (~> 7.0)"
    - nanopb (~> 2.30908.0)
  - GoogleUserMessagingPlatform (1.4.0)
  - GoogleUtilities (7.4.0):
    - GoogleUtilities/AppDelegateSwizzler (= 7.4.0)
    - GoogleUtilities/Environment (= 7.4.0)
    - GoogleUtilities/ISASwizzler (= 7.4.0)
    - GoogleUtilities/Logger (= 7.4.0)
    - GoogleUtilities/MethodSwizzler (= 7.4.0)
    - GoogleUtilities/Network (= 7.4.0)
    - "GoogleUtilities/NSData+zlib (= 7.4.0)"
    - GoogleUtilities/Reachability (= 7.4.0)
    - GoogleUtilities/SwizzlerTestHelpers (= 7.4.0)
    - GoogleUtilities/UserDefaults (= 7.4.0)
  - GoogleUtilities/AppDelegateSwizzler (7.4.0):
    - GoogleUtilities/Environment
    - GoogleUtilities/Logger
    - GoogleUtilities/Network
  - GoogleUtilities/Environment (7.4.0):
    - PromisesObjC (~> 1.2)
  - GoogleUtilities/ISASwizzler (7.4.0)
  - GoogleUtilities/Logger (7.4.0):
    - GoogleUtilities/Environment
  - GoogleUtilities/MethodSwizzler (7.4.0):
    - GoogleUtilities/Logger
  - GoogleUtilities/Network (7.4.0):
    - GoogleUtilities/Logger
    - "GoogleUtilities/NSData+zlib"
    - GoogleUtilities/Reachability
  - "GoogleUtilities/NSData+zlib (7.4.0)"
  - GoogleUtilities/Reachability (7.4.0):
    - GoogleUtilities/Logger
  - GoogleUtilities/SwizzlerTestHelpers (7.4.0):
    - GoogleUtilities/MethodSwizzler
  - GoogleUtilities/UserDefaults (7.4.0):
    - GoogleUtilities/Logger
  - IQKeyboardManagerSwift (6.5.6)
  - MirrorGoogleMobileAds (0.1.0):
    - GoogleAppMeasurement (~> 7.0)
    - GoogleUserMessagingPlatform (~> 1.1)
  - MirrorRealm (0.3.1):
    - MirrorRealm/Headers (= 0.3.1)
  - MirrorRealm/Headers (0.3.1)
  - MirrorRealmSwift (0.3.1):
    - MirrorRealm (~> 0.3.1)
  - MirrorWechatSDK (0.1.5)
  - nanopb (2.30908.0):
    - nanopb/decode (= 2.30908.0)
    - nanopb/encode (= 2.30908.0)
  - nanopb/decode (2.30908.0)
  - nanopb/encode (2.30908.0)
  - Nimble (9.2.0)
  - ObjcExceptionBridging (1.0.1):
    - ObjcExceptionBridging/ObjcExceptionBridging (= 1.0.1)
  - ObjcExceptionBridging/ObjcExceptionBridging (1.0.1)
  - PhobosSwiftAnimation (0.1.0):
    - PhobosSwiftCore (~> 0.1.0)
    - PhobosSwiftLog (~> 0.1.0)
  - PhobosSwiftAnimation/Tests (0.1.0):
    - PhobosSwiftCore (~> 0.1.0)
    - PhobosSwiftLog (~> 0.1.0)
  - PhobosSwiftAuth (0.1.0):
    - PhobosSwiftCore (~> 0.1.0)
    - RxCocoa (~> 6.1.0)
    - RxSwift (~> 6.1.0)
  - PhobosSwiftAuth/Tests (0.1.0):
    - Nimble
    - PhobosSwiftCore (~> 0.1.0)
    - Quick
    - RxCocoa (~> 6.1.0)
    - RxSwift (~> 6.1.0)
  - PhobosSwiftCore (0.1.0):
    - PhobosSwiftCore/Core (= 0.1.0)
    - PhobosSwiftLog (~> 0.1.0)
  - PhobosSwiftCore/Core (0.1.0):
    - GoogleUtilities (~> 7.0)
    - PhobosSwiftLog (~> 0.1.0)
    - RxCocoa (~> 6.1.0)
    - RxGesture
    - RxSwift (~> 6.1.0)
    - SnapKit
  - PhobosSwiftCore/Tests (0.1.0):
    - Nimble
    - PhobosSwiftLog (~> 0.1.0)
    - Quick
  - PhobosSwiftCoreSwiftUI (0.1.0):
    - PhobosSwiftCore (~> 0.1.0)
    - PhobosSwiftLog (~> 0.1.0)
  - PhobosSwiftGrowth (0.1.0):
    - PhobosSwiftCore (~> 0.1.0)
    - PhobosSwiftLog (~> 0.1.0)
    - RxCocoa
    - RxGesture
    - RxSwift
    - SnapKit
  - PhobosSwiftGrowth/Tests (0.1.0):
    - PhobosSwiftCore (~> 0.1.0)
    - PhobosSwiftLog (~> 0.1.0)
    - RxCocoa
    - RxGesture
    - RxSwift
    - SnapKit
  - PhobosSwiftHades (0.1.0):
    - MirrorGoogleMobileAds
    - PhobosSwiftCore (~> 0.1.0)
    - PhobosSwiftNetwork (~> 0.1.0)
    - PhobosSwiftUIComponent (~> 0.1.0)
  - PhobosSwiftHades/Tests (0.1.0):
    - MirrorGoogleMobileAds
    - PhobosSwiftCore (~> 0.1.0)
    - PhobosSwiftNetwork (~> 0.1.0)
    - PhobosSwiftUIComponent (~> 0.1.0)
  - PhobosSwiftLocation (0.1.0):
    - PhobosSwiftCore (~> 0.1.0)
    - PhobosSwiftLog (~> 0.1.0)
    - RxCocoa (~> 6.1.0)
    - RxSwift (~> 6.1.0)
  - PhobosSwiftLocation/Tests (0.1.0):
    - Nimble
    - PhobosSwiftCore (~> 0.1.0)
    - PhobosSwiftLog (~> 0.1.0)
    - Quick
    - RxCocoa (~> 6.1.0)
    - RxSwift (~> 6.1.0)
  - PhobosSwiftLog (0.1.0):
    - ObjcExceptionBridging (~> 1.0.1)
  - PhobosSwiftLog/Tests (0.1.0):
    - ObjcExceptionBridging (~> 1.0.1)
  - PhobosSwiftMedia (0.1.0):
    - AlamofireImage (~> 4.1)
    - IQKeyboardManagerSwift
    - PhobosSwiftCore (~> 0.1.0)
    - PhobosSwiftLog (~> 0.1.0)
  - PhobosSwiftMedia/Tests (0.1.0):
    - AlamofireImage (~> 4.1)
    - IQKeyboardManagerSwift
    - PhobosSwiftCore (~> 0.1.0)
    - PhobosSwiftLog (~> 0.1.0)
  - PhobosSwiftNetwork (0.1.0):
    - Alamofire (~> 5.1.0)
    - CocoaAsyncSocket (~> 7.6.5)
    - PhobosSwiftCore (~> 0.1.0)
    - PhobosSwiftLog (~> 0.1.0)
    - RxCocoa (~> 6.1.0)
    - RxSwift (~> 6.1.0)
  - PhobosSwiftNetwork/Tests (0.1.0):
    - Alamofire (~> 5.1.0)
    - CocoaAsyncSocket (~> 7.6.5)
    - Nimble
    - PhobosSwiftCore (~> 0.1.0)
    - PhobosSwiftLog (~> 0.1.0)
    - Quick
    - RxCocoa (~> 6.1.0)
    - RxSwift (~> 6.1.0)
  - PhobosSwiftPayment (0.1.0):
    - PhobosSwiftCore (~> 0.1.0)
    - PhobosSwiftLog (~> 0.1.0)
    - PhobosSwiftNetwork (~> 0.1.0)
    - PhobosSwiftPayment/Core (= 0.1.0)
    - RxCocoa (~> 6.1.0)
    - RxSwift (~> 6.1.0)
  - PhobosSwiftPayment/Core (0.1.0):
    - PhobosSwiftCore (~> 0.1.0)
    - PhobosSwiftLog (~> 0.1.0)
    - PhobosSwiftNetwork (~> 0.1.0)
    - RxCocoa (~> 6.1.0)
    - RxSwift (~> 6.1.0)
  - PhobosSwiftPersistence (0.1.0):
    - PhobosSwiftCore (~> 0.1.0)
    - PhobosSwiftLog (~> 0.1.0)
    - PhobosSwiftPersistence/Core (= 0.1.0)
    - RxCocoa (~> 6.1.0)
    - RxSwift (~> 6.1.0)
  - PhobosSwiftPersistence/Core (0.1.0):
    - PhobosSwiftCore (~> 0.1.0)
    - PhobosSwiftLog (~> 0.1.0)
    - RxCocoa (~> 6.1.0)
    - RxSwift (~> 6.1.0)
  - PhobosSwiftPersistence/Realm (0.1.0):
    - MirrorRealm (~> 0.3.1)
    - MirrorRealmSwift (~> 0.3.1)
    - PhobosSwiftCore (~> 0.1.0)
    - PhobosSwiftLog (~> 0.1.0)
    - RxCocoa (~> 6.1.0)
    - RxSwift (~> 6.1.0)
  - PhobosSwiftPersistence/Tests (0.1.0):
    - PhobosSwiftCore (~> 0.1.0)
    - PhobosSwiftLog (~> 0.1.0)
    - RxCocoa (~> 6.1.0)
    - RxSwift (~> 6.1.0)
  - PhobosSwiftPush (0.1.0):
    - PhobosSwiftCore (~> 0.1.0)
    - PhobosSwiftLog (~> 0.1.0)
    - RxCocoa (~> 6.1.0)
    - RxSwift (~> 6.1.0)
  - PhobosSwiftPush/Tests (0.1.0):
    - Nimble
    - PhobosSwiftCore (~> 0.1.0)
    - PhobosSwiftLog (~> 0.1.0)
    - Quick
    - RxCocoa (~> 6.1.0)
    - RxSwift (~> 6.1.0)
  - PhobosSwiftRouter (0.1.0):
    - PhobosSwiftCore (~> 0.1.0)
    - PhobosSwiftLog
  - PhobosSwiftRouter/Tests (0.1.0):
    - PhobosSwiftCore (~> 0.1.0)
    - PhobosSwiftLog
  - PhobosSwiftSlideout (0.1.0):
    - PhobosSwiftCore (~> 0.1.0)
    - PhobosSwiftUIComponent (~> 0.1.0)
  - PhobosSwiftSlideout/Tests (0.1.0):
    - PhobosSwiftCore (~> 0.1.0)
    - PhobosSwiftUIComponent (~> 0.1.0)
  - PhobosSwiftSplash (0.1.0):
    - PhobosSwiftCore (~> 0.1.0)
  - PhobosSwiftSplash/Tests (0.1.0):
    - PhobosSwiftCore (~> 0.1.0)
  - PhobosSwiftTestKnight (0.1.0):
    - PhobosSwiftCore (~> 0.1.0)
    - RxCocoa (~> 6.1.0)
    - RxGesture
    - RxSwift (~> 6.1.0)
    - SnapKit
  - PhobosSwiftTestKnight/Tests (0.1.0):
    - Nimble
    - PhobosSwiftCore (~> 0.1.0)
    - Quick
    - RxCocoa (~> 6.1.0)
    - RxGesture
    - RxSwift (~> 6.1.0)
    - SnapKit
  - PhobosSwiftUIComponent (0.1.0):
    - AlamofireImage (~> 4.1)
    - PhobosSwiftCore (~> 0.1.0)
    - PhobosSwiftNetwork (~> 0.1.0)
    - PhobosSwiftRouter (~> 0.1.0)
    - RxCocoa (~> 6.1.0)
    - RxGesture
    - RxSwift (~> 6.1.0)
    - SnapKit
  - PhobosSwiftUIComponent/Tests (0.1.0):
    - AlamofireImage (~> 4.1)
    - PhobosSwiftCore (~> 0.1.0)
    - PhobosSwiftNetwork (~> 0.1.0)
    - PhobosSwiftRouter (~> 0.1.0)
    - RxCocoa (~> 6.1.0)
    - RxGesture
    - RxSwift (~> 6.1.0)
    - SnapKit
  - PhobosSwiftWechat (0.1.0):
    - MirrorWechatSDK
    - RxCocoa (~> 6.1.0)
    - RxSwift (~> 6.1.0)
  - PhobosSwiftWechat/Tests (0.1.0):
    - MirrorWechatSDK
    - Nimble
    - Quick
    - RxCocoa (~> 6.1.0)
    - RxSwift (~> 6.1.0)
  - PromisesObjC (1.2.12)
  - Quick (4.0.0)
  - RxCocoa (6.1.0):
    - RxRelay (= 6.1.0)
    - RxSwift (= 6.1.0)
  - RxGesture (4.0.2):
    - RxCocoa (~> 6.0)
    - RxSwift (~> 6.0)
  - RxRelay (6.1.0):
    - RxSwift (= 6.1.0)
  - RxSwift (6.1.0)
  - SnapKit (5.0.1)
  - SwiftFormat/CLI (0.48.0)
  - SwiftLint (0.43.1)

DEPENDENCIES:
  - MirrorGoogleMobileAds (from `../../mirror-google-mobile-ads-sdk/`)
  - PhobosSwiftAnimation (from `../`)
  - PhobosSwiftAnimation/Tests (from `../`)
  - PhobosSwiftAuth (from `../`)
  - PhobosSwiftAuth/Tests (from `../`)
  - PhobosSwiftCore (from `../`)
  - PhobosSwiftCore/Tests (from `../`)
  - PhobosSwiftCoreSwiftUI (from `../`)
  - PhobosSwiftGrowth (from `../`)
  - PhobosSwiftGrowth/Tests (from `../`)
  - PhobosSwiftHades (from `../`)
  - PhobosSwiftHades/Tests (from `../`)
  - PhobosSwiftLocation (from `../`)
  - PhobosSwiftLocation/Tests (from `../`)
  - PhobosSwiftLog (from `../`)
  - PhobosSwiftLog/Tests (from `../`)
  - PhobosSwiftMedia (from `../`)
  - PhobosSwiftMedia/Tests (from `../`)
  - PhobosSwiftNetwork (from `../`)
  - PhobosSwiftNetwork/Tests (from `../`)
  - PhobosSwiftPayment (from `../`)
  - PhobosSwiftPersistence (from `../`)
  - PhobosSwiftPersistence/Realm (from `../`)
  - PhobosSwiftPersistence/Tests (from `../`)
  - PhobosSwiftPush (from `../`)
  - PhobosSwiftPush/Tests (from `../`)
  - PhobosSwiftRouter (from `../`)
  - PhobosSwiftRouter/Tests (from `../`)
  - PhobosSwiftSlideout (from `../`)
  - PhobosSwiftSlideout/Tests (from `../`)
  - PhobosSwiftSplash (from `../`)
  - PhobosSwiftSplash/Tests (from `../`)
  - PhobosSwiftTestKnight (from `../`)
  - PhobosSwiftTestKnight/Tests (from `../`)
  - PhobosSwiftUIComponent (from `../`)
  - PhobosSwiftUIComponent/Tests (from `../`)
  - PhobosSwiftWechat (from `../`)
  - PhobosSwiftWechat/Tests (from `../`)
  - SwiftFormat/CLI
  - SwiftLint

SPEC REPOS:
  https://gitee.com/tjerwinchen/cocoa-mirror-spec.git:
    - MirrorRealm
    - MirrorRealmSwift
    - MirrorWechatSDK
  trunk:
    - Alamofire
    - AlamofireImage
    - CocoaAsyncSocket
    - GoogleAppMeasurement
    - GoogleUserMessagingPlatform
    - GoogleUtilities
    - IQKeyboardManagerSwift
    - nanopb
    - Nimble
    - ObjcExceptionBridging
    - PromisesObjC
    - Quick
    - RxCocoa
    - RxGesture
    - RxRelay
    - RxSwift
    - SnapKit
    - SwiftFormat
    - SwiftLint

EXTERNAL SOURCES:
  MirrorGoogleMobileAds:
    :path: "../../mirror-google-mobile-ads-sdk/"
  PhobosSwiftAnimation:
    :path: "../"
  PhobosSwiftAuth:
    :path: "../"
  PhobosSwiftCore:
    :path: "../"
  PhobosSwiftCoreSwiftUI:
    :path: "../"
  PhobosSwiftGrowth:
    :path: "../"
  PhobosSwiftHades:
    :path: "../"
  PhobosSwiftLocation:
    :path: "../"
  PhobosSwiftLog:
    :path: "../"
  PhobosSwiftMedia:
    :path: "../"
  PhobosSwiftNetwork:
    :path: "../"
  PhobosSwiftPayment:
    :path: "../"
  PhobosSwiftPersistence:
    :path: "../"
  PhobosSwiftPush:
    :path: "../"
  PhobosSwiftRouter:
    :path: "../"
  PhobosSwiftSlideout:
    :path: "../"
  PhobosSwiftSplash:
    :path: "../"
  PhobosSwiftTestKnight:
    :path: "../"
  PhobosSwiftUIComponent:
    :path: "../"
  PhobosSwiftWechat:
    :path: "../"

SPEC CHECKSUMS:
  Alamofire: 9d5c5f602928e512395b30950c5984eca840093c
  AlamofireImage: c4a2ba349885fb3064feb74d2e547bd42ce9be10
  CocoaAsyncSocket: 065fd1e645c7abab64f7a6a2007a48038fdc6a99
  GoogleAppMeasurement: fd19169c3034975cb934e865e5667bfdce59df7f
  GoogleUserMessagingPlatform: b168e8c46cd8f92aa3e34b584c4ca78a411ce367
  GoogleUtilities: 284cddc7fffc14ae1907efb6f78ab95c1fccaedc
  IQKeyboardManagerSwift: c7df9d2deb356c04522f5c4b7b6e4ce4d8ed94fe
  MirrorGoogleMobileAds: 8f615aaaf8b6c8b2876c8f4066b8c73cc6380cb0
  MirrorRealm: 9e74edc3d74858c5e36f01eae2afee5adc664e12
  MirrorRealmSwift: 78e8a385e88989b395758270e72569dc0622bf6e
  MirrorWechatSDK: 8cec8ecc8dc5dc9c829a72a2584020b441d1e7bf
  nanopb: a0ba3315591a9ae0a16a309ee504766e90db0c96
  Nimble: 4f4a345c80b503b3ea13606a4f98405974ee4d0b
  ObjcExceptionBridging: c30e00eb3700467e695faeea30e26e18bd445001
  PhobosSwiftAnimation: bf2f194b79a01ce2e85ea598c21691b345f82a81
  PhobosSwiftAuth: b57db71d86fdcb78f53303f1ce5618a46d14148d
  PhobosSwiftCore: aef8d363c6e8897508d3307eddc85a22d89ee04b
  PhobosSwiftCoreSwiftUI: f95ec989a5cad92e1d5f153358fa2e324788c65f
  PhobosSwiftGrowth: 6aa7db2c5fccc834d43c3b38e1b8fa0c8c7ff8bc
  PhobosSwiftHades: ca75e31ec79af61954960554c11f0abd694fe356
  PhobosSwiftLocation: 617c18fa02257978e93eb10e36193c26a8f219e7
  PhobosSwiftLog: f1ba9419afb5a82ea4f03dec681c61eb079bcc54
  PhobosSwiftMedia: a5d96bb202b5d3238efd31a010f75af86b6e5799
  PhobosSwiftNetwork: 29eafee987ac6d085adf4035d94cb77ec2370bfb
  PhobosSwiftPayment: d0c08c9078e4b81f7cf272db97ab27875faa1744
  PhobosSwiftPersistence: 091b0860c9300c0285476ae56a3a3181acf2fe15
  PhobosSwiftPush: 070abd98c19335dda9c46ab85d8b8a594196e782
  PhobosSwiftRouter: 64687cb9c6afa21113399b4f3a07b8ddc5cb028d
  PhobosSwiftSlideout: 2db0aa4d94acb06b8cfc1a32b891bdcf07a68557
  PhobosSwiftSplash: 74a07d1556875c5e23cf6ef57ae78bf58b80cd1c
  PhobosSwiftTestKnight: 7d7a2a24f60f66097f27442d435d5e0edf7109b3
  PhobosSwiftUIComponent: cff4c50f4addaabb96a12f2583a20f01a8197bb7
  PhobosSwiftWechat: 14ad9aebd6e81b58e4981de90649a947169c68d3
  PromisesObjC: 3113f7f76903778cf4a0586bd1ab89329a0b7b97
  Quick: 6473349e43b9271a8d43839d9ba1c442ed1b7ac4
  RxCocoa: 5c51f02d562cbd94629f6c26cf0c80fe4ab8d343
  RxGesture: f059f2aeef966fb17dad56ee440e76410f10e55f
  RxRelay: 483e1a19fad961b41f0b0c0bee506f46c1ae14fe
  RxSwift: a834e5c538e89eca0cae86f403f4fbf0336786ce
  SnapKit: 97b92857e3df3a0c71833cce143274bf6ef8e5eb
  SwiftFormat: 48a96bf55d167e44b8eb825f3dbda0e1204e549a
  SwiftLint: 99f82d07b837b942dd563c668de129a03fc3fb52

PODFILE CHECKSUM: 5e38e3b15ff5dc668ad651086a2674039472740c

COCOAPODS: 1.10.1
